
Microsoft Visual Studio Solution File, Format Version 12.00
Project("{2150E333-8FDC-42A3-9474-1A3956D46DE8}") = "DeploymentUnits", "DeploymentUnits", "{6A456474-907B-4707-8EEC-4AA46B2A85A0}"
EndProject
Project("{2150E333-8FDC-42A3-9474-1A3956D46DE8}") = "AutomatedTests", "AutomatedTests", "{92918E60-EE3D-45AE-A157-43EC3CDC4C13}"
EndProject
Project("{2150E333-8FDC-42A3-9474-1A3956D46DE8}") = "SolutionFiles", "SolutionFiles", "{637A8CD7-45C2-4F29-B62D-75C9F3E0272A}"
	ProjectSection(SolutionItems) = preProject
		..\LICENSE = ..\LICENSE
		..\README.md = ..\README.md
		..\.gitignore = ..\.gitignore
	EndProjectSection
EndProject
Project("{2150E333-8FDC-42A3-9474-1A3956D46DE8}") = "Servers", "Servers", "{3BFF370E-4A33-45AA-95BF-F819CD6CF11B}"
EndProject
Project("{2150E333-8FDC-42A3-9474-1A3956D46DE8}") = "Clients", "Clients", "{EA1BD48F-24ED-403E-B2A4-5DBA06C8A758}"
EndProject
Project("{2150E333-8FDC-42A3-9474-1A3956D46DE8}") = "Clients", "Clients", "{D853B490-CD45-44F9-8044-16683CF502BB}"
EndProject
Project("{2150E333-8FDC-42A3-9474-1A3956D46DE8}") = "Servers", "Servers", "{6EF7D8F4-B6C9-474A-8920-2172967BDB9F}"
EndProject
Project("{2150E333-8FDC-42A3-9474-1A3956D46DE8}") = "Controllers", "Controllers", "{09D2E5D5-0AF0-4FD6-BCCB-CB7A7FFCDE0D}"
EndProject
Project("{2150E333-8FDC-42A3-9474-1A3956D46DE8}") = "Logic", "Logic", "{D0D5E3FF-F37B-4BF1-AFA0-02B031C95FA8}"
EndProject
Project("{2150E333-8FDC-42A3-9474-1A3956D46DE8}") = "DataAccess", "DataAccess", "{4218FADD-3856-4724-BA37-736FBD659793}"
EndProject
Project("{2150E333-8FDC-42A3-9474-1A3956D46DE8}") = "Controllers", "Controllers", "{BC8FA4F5-F7F4-471D-ACA3-09C29C044079}"
EndProject
Project("{2150E333-8FDC-42A3-9474-1A3956D46DE8}") = "DataAccess", "DataAccess", "{F36018F5-E81B-4FAD-80CF-06423A70C13C}"
EndProject
Project("{2150E333-8FDC-42A3-9474-1A3956D46DE8}") = "Logic", "Logic", "{4AB928EB-A3A2-421A-8D3A-A5CA815114C9}"
EndProject
Project("{FAE04EC0-301F-11D3-BF4B-00C04F79EFBC}") = "Grpc", "Server.Controllers.Grpc\Grpc.csproj", "{90419854-B383-486B-97DE-2B33C99686D6}"
EndProject
Project("{2150E333-8FDC-42A3-9474-1A3956D46DE8}") = "Code", "Code", "{88AA4131-542F-44DB-8C34-D40743990C47}"
	ProjectSection(SolutionItems) = preProject
		Directory.Build.props = Directory.Build.props
		Directory.Packages.props = Directory.Packages.props
		Nuget.Config = Nuget.Config
		.dockerignore = .dockerignore
		docker-compose.yml = docker-compose.yml
	EndProjectSection
EndProject
Project("{FAE04EC0-301F-11D3-BF4B-00C04F79EFBC}") = "Customers", "Client.Customers\Customers.csproj", "{E05B6C83-2EF3-4F72-98F3-7E87E29AE35F}"
EndProject
Project("{FAE04EC0-301F-11D3-BF4B-00C04F79EFBC}") = "Admin", "Client.Admin\Admin.csproj", "{16F3C353-9A81-4A92-8756-E8ADC7ED2997}"
EndProject
Project("{FAE04EC0-301F-11D3-BF4B-00C04F79EFBC}") = "Domain", "Server.Logic.Domain\Domain.csproj", "{A08C5DFA-5CEE-404D-A01E-47580BD5696A}"
EndProject
Project("{FAE04EC0-301F-11D3-BF4B-00C04F79EFBC}") = "Functions", "Server.Logic.Functions\Functions.csproj", "{C77A5A19-80F7-4D13-803B-7CC732377243}"
EndProject
Project("{FAE04EC0-301F-11D3-BF4B-00C04F79EFBC}") = "ClientSdk.Grpc", "Server.ClientSdk.Grpc\ClientSdk.Grpc.csproj", "{FAB0415D-09A0-4019-8FAB-4669D0D4D4A0}"
EndProject
Project("{2150E333-8FDC-42A3-9474-1A3956D46DE8}") = "Documentation", "Documentation", "{E6A1C7E0-4424-4D9A-A4FE-80BFE368B916}"
	ProjectSection(SolutionItems) = preProject
		..\documentation\CSharpStyleGuide.md = ..\documentation\CSharpStyleGuide.md
	EndProjectSection
EndProject
Global
	GlobalSection(SolutionConfigurationPlatforms) = preSolution
		Debug|Any CPU = Debug|Any CPU
		Release|Any CPU = Release|Any CPU
	EndGlobalSection
	GlobalSection(NestedProjects) = preSolution
		{3BFF370E-4A33-45AA-95BF-F819CD6CF11B} = {6A456474-907B-4707-8EEC-4AA46B2A85A0}
		{EA1BD48F-24ED-403E-B2A4-5DBA06C8A758} = {6A456474-907B-4707-8EEC-4AA46B2A85A0}
		{D853B490-CD45-44F9-8044-16683CF502BB} = {92918E60-EE3D-45AE-A157-43EC3CDC4C13}
		{6EF7D8F4-B6C9-474A-8920-2172967BDB9F} = {92918E60-EE3D-45AE-A157-43EC3CDC4C13}
		{09D2E5D5-0AF0-4FD6-BCCB-CB7A7FFCDE0D} = {3BFF370E-4A33-45AA-95BF-F819CD6CF11B}
		{D0D5E3FF-F37B-4BF1-AFA0-02B031C95FA8} = {3BFF370E-4A33-45AA-95BF-F819CD6CF11B}
		{4218FADD-3856-4724-BA37-736FBD659793} = {3BFF370E-4A33-45AA-95BF-F819CD6CF11B}
		{BC8FA4F5-F7F4-471D-ACA3-09C29C044079} = {6EF7D8F4-B6C9-474A-8920-2172967BDB9F}
		{F36018F5-E81B-4FAD-80CF-06423A70C13C} = {6EF7D8F4-B6C9-474A-8920-2172967BDB9F}
		{4AB928EB-A3A2-421A-8D3A-A5CA815114C9} = {6EF7D8F4-B6C9-474A-8920-2172967BDB9F}
		{90419854-B383-486B-97DE-2B33C99686D6} = {09D2E5D5-0AF0-4FD6-BCCB-CB7A7FFCDE0D}
		{88AA4131-542F-44DB-8C34-D40743990C47} = {637A8CD7-45C2-4F29-B62D-75C9F3E0272A}
		{A08C5DFA-5CEE-404D-A01E-47580BD5696A} = {D0D5E3FF-F37B-4BF1-AFA0-02B031C95FA8}
		{C77A5A19-80F7-4D13-803B-7CC732377243} = {D0D5E3FF-F37B-4BF1-AFA0-02B031C95FA8}
		{FAB0415D-09A0-4019-8FAB-4669D0D4D4A0} = {3BFF370E-4A33-45AA-95BF-F819CD6CF11B}
		{16F3C353-9A81-4A92-8756-E8ADC7ED2997} = {EA1BD48F-24ED-403E-B2A4-5DBA06C8A758}
		{E05B6C83-2EF3-4F72-98F3-7E87E29AE35F} = {EA1BD48F-24ED-403E-B2A4-5DBA06C8A758}
		{E6A1C7E0-4424-4D9A-A4FE-80BFE368B916} = {637A8CD7-45C2-4F29-B62D-75C9F3E0272A}
	EndGlobalSection
	GlobalSection(ProjectConfigurationPlatforms) = postSolution
		{90419854-B383-486B-97DE-2B33C99686D6}.Debug|Any CPU.ActiveCfg = Debug|Any CPU
		{90419854-B383-486B-97DE-2B33C99686D6}.Debug|Any CPU.Build.0 = Debug|Any CPU
		{90419854-B383-486B-97DE-2B33C99686D6}.Release|Any CPU.ActiveCfg = Release|Any CPU
		{90419854-B383-486B-97DE-2B33C99686D6}.Release|Any CPU.Build.0 = Release|Any CPU
		{E05B6C83-2EF3-4F72-98F3-7E87E29AE35F}.Debug|Any CPU.ActiveCfg = Debug|Any CPU
		{E05B6C83-2EF3-4F72-98F3-7E87E29AE35F}.Debug|Any CPU.Build.0 = Debug|Any CPU
		{E05B6C83-2EF3-4F72-98F3-7E87E29AE35F}.Release|Any CPU.ActiveCfg = Release|Any CPU
		{E05B6C83-2EF3-4F72-98F3-7E87E29AE35F}.Release|Any CPU.Build.0 = Release|Any CPU
		{16F3C353-9A81-4A92-8756-E8ADC7ED2997}.Debug|Any CPU.ActiveCfg = Debug|Any CPU
		{16F3C353-9A81-4A92-8756-E8ADC7ED2997}.Debug|Any CPU.Build.0 = Debug|Any CPU
		{16F3C353-9A81-4A92-8756-E8ADC7ED2997}.Release|Any CPU.ActiveCfg = Release|Any CPU
		{16F3C353-9A81-4A92-8756-E8ADC7ED2997}.Release|Any CPU.Build.0 = Release|Any CPU
		{A08C5DFA-5CEE-404D-A01E-47580BD5696A}.Debug|Any CPU.ActiveCfg = Debug|Any CPU
		{A08C5DFA-5CEE-404D-A01E-47580BD5696A}.Debug|Any CPU.Build.0 = Debug|Any CPU
		{A08C5DFA-5CEE-404D-A01E-47580BD5696A}.Release|Any CPU.ActiveCfg = Release|Any CPU
		{A08C5DFA-5CEE-404D-A01E-47580BD5696A}.Release|Any CPU.Build.0 = Release|Any CPU
		{C77A5A19-80F7-4D13-803B-7CC732377243}.Debug|Any CPU.ActiveCfg = Debug|Any CPU
		{C77A5A19-80F7-4D13-803B-7CC732377243}.Debug|Any CPU.Build.0 = Debug|Any CPU
		{C77A5A19-80F7-4D13-803B-7CC732377243}.Release|Any CPU.ActiveCfg = Release|Any CPU
		{C77A5A19-80F7-4D13-803B-7CC732377243}.Release|Any CPU.Build.0 = Release|Any CPU
		{FAB0415D-09A0-4019-8FAB-4669D0D4D4A0}.Debug|Any CPU.ActiveCfg = Debug|Any CPU
		{FAB0415D-09A0-4019-8FAB-4669D0D4D4A0}.Debug|Any CPU.Build.0 = Debug|Any CPU
		{FAB0415D-09A0-4019-8FAB-4669D0D4D4A0}.Release|Any CPU.ActiveCfg = Release|Any CPU
		{FAB0415D-09A0-4019-8FAB-4669D0D4D4A0}.Release|Any CPU.Build.0 = Release|Any CPU
	EndGlobalSection
EndGlobal
